# This file is autogenerated, do not edit; changes may be undone by the next 'dep ensure'.


[[projects]]
  name = "github.com/Sirupsen/logrus"
  packages = ["."]
  revision = "a3f95b5c423586578a4e099b11a46c2479628cac"
  version = "1.0.2"

[[projects]]
  name = "github.com/clearcontainers/proxy"
  packages = ["api"]
  revision = "817d71ef32e2ec7d4f2bcd93b49748bb88718832"
  version = "3.0.0-beta.1"

[[projects]]
  name = "github.com/containers/virtcontainers"
  packages = ["pkg/hyperstart","pkg/hyperstart/mock"]
  revision = "93aa8226e6fa7e9bb2d553b571209f4f94e96348"
  version = "0.7.0"

[[projects]]
  name = "github.com/davecgh/go-spew"
  packages = ["spew"]
  revision = "346938d642f2ec3594ed81d874461961cd0faa76"
  version = "v1.1.0"

[[projects]]
  name = "github.com/pmezard/go-difflib"
  packages = ["difflib"]
  revision = "792786c7400a136282c1664665ae0a8db921c6c2"
  version = "v1.0.0"

[[projects]]
  name = "github.com/stretchr/testify"
  packages = ["assert"]
  revision = "69483b4bd14f5845b5a1e55bca19e954e827f1d0"
  version = "v1.1.4"

[[projects]]
  branch = "master"
  name = "golang.org/x/sys"
  packages = ["unix"]
  revision = "9f7170bcd8e9f4d3691c06401119c46a769a1e03"

[solve-meta]
  analyzer-name = "dep"
  analyzer-version = 1
  inputs-digest = "e035afb3ad78f6970cbca5f72620705566132c8eae1165d418d69b953358ab27"
  solver-name = "gps-cdcl"
  solver-version = 1
